
Microsoft Visual Studio Solution File, Format Version 12.00
# Visual Studio Version 17
VisualStudioVersion = 17.5.33516.290
MinimumVisualStudioVersion = 10.0.40219.1
Project("{8BC9CEB8-8B4A-11D0-8D11-00A0C91BC942}") = "testClass2", "testClass2.vcxproj", "{690B9C03-FD05-4501-86E7-180E3DF6853A}"
EndProject
Global
	GlobalSection(SolutionConfigurationPlatforms) = preSolution
		Debug|x64 = Debug|x64
		Release|x64 = Release|x64
	EndGlobalSection
	GlobalSection(ProjectConfigurationPlatforms) = postSolution
		{690B9C03-FD05-4501-86E7-180E3DF6853A}.Debug|x64.ActiveCfg = Debug|x64
		{690B9C03-FD05-4501-86E7-180E3DF6853A}.Debug|x64.Build.0 = Debug|x64
		{690B9C03-FD05-4501-86E7-180E3DF6853A}.Release|x64.ActiveCfg = Release|x64
		{690B9C03-FD05-4501-86E7-180E3DF6853A}.Release|x64.Build.0 = Release|x64
	EndGlobalSection
	GlobalSection(SolutionProperties) = preSolution
		HideSolutionNode = FALSE
	EndGlobalSection
	GlobalSection(ExtensibilityGlobals) = postSolution
		SolutionGuid = {01F418FC-5347-4646-9B00-5CE39BAA03D5}
	EndGlobalSection
EndGlobal
